{
  "originHash" : "e1bc6a2f411f3433c73f43a86588aa0fe886a45291ac49c315f9a75c8bf3abd1",
  "pins" : [
    {
      "identity" : "sfsymbolsmacro",
      "kind" : "remoteSourceControl",
      "location" : "https://github.com/lukepistrol/SFSymbolsMacro.git",
      "state" : {
        "revision" : "e7d45d4f9d193f73de5533ab596e4684ef3b2189",
        "version" : "0.5.2"
      }
    },
    {
      "identity" : "swift-syntax",
      "kind" : "remoteSourceControl",
      "location" : "https://github.com/apple/swift-syntax.git",
      "state" : {
        "revision" : "64889f0c732f210a935a0ad7cda38f77f876262d",
        "version" : "509.1.1"
      }
    }
  ],
  "version" : 3
}
